
Microsoft Visual Studio Solution File, Format Version 12.00
Project("{FAE04EC0-301F-11D3-BF4B-00C04F79EFBC}") = "ExamplesLib", "ExamplesLib\ExamplesLib.csproj", "{084AEF88-8303-4ACD-A879-B02717A5B05A}"
EndProject
Project("{FAE04EC0-301F-11D3-BF4B-00C04F79EFBC}") = "Tests", "Tests\Tests.csproj", "{3B962BFC-3880-4C3D-B537-94C30EBA5759}"
EndProject
Global
	GlobalSection(SolutionConfigurationPlatforms) = preSolution
		Debug|Any CPU = Debug|Any CPU
		Release|Any CPU = Release|Any CPU
	EndGlobalSection
	GlobalSection(ProjectConfigurationPlatforms) = postSolution
		{084AEF88-8303-4ACD-A879-B02717A5B05A}.Debug|Any CPU.ActiveCfg = Debug|Any CPU
		{084AEF88-8303-4ACD-A879-B02717A5B05A}.Debug|Any CPU.Build.0 = Debug|Any CPU
		{084AEF88-8303-4ACD-A879-B02717A5B05A}.Release|Any CPU.ActiveCfg = Release|Any CPU
		{084AEF88-8303-4ACD-A879-B02717A5B05A}.Release|Any CPU.Build.0 = Release|Any CPU
		{3B962BFC-3880-4C3D-B537-94C30EBA5759}.Debug|Any CPU.ActiveCfg = Debug|Any CPU
		{3B962BFC-3880-4C3D-B537-94C30EBA5759}.Debug|Any CPU.Build.0 = Debug|Any CPU
		{3B962BFC-3880-4C3D-B537-94C30EBA5759}.Release|Any CPU.ActiveCfg = Release|Any CPU
		{3B962BFC-3880-4C3D-B537-94C30EBA5759}.Release|Any CPU.Build.0 = Release|Any CPU
	EndGlobalSection
EndGlobal
